{
  "name": "dht11-raspi3",
  "version": "1.0.0",
  "lockfileVersion": 1,
  "requires": true,
  "dependencies": {
    "nan": {
      "version": "2.8.0",
      "resolved": "https://registry.npmjs.org/nan/-/nan-2.8.0.tgz",
      "integrity": "sha1-7XFfP+neArV6XmJS2QqWZ14fCFo="
    },
    "node-dht-sensor": {
      "version": "0.0.34",
      "resolved": "https://registry.npmjs.org/node-dht-sensor/-/node-dht-sensor-0.0.34.tgz",
      "integrity": "sha512-dYyNOdIEBm4v34OjGhrz3JJzXXZ0OTtvaK3fPWo7yFhUkcBFF4THfBf5kxJ8IfQ/StwP5xqFkFP4M1xZM1CtBg==",
      "requires": {
        "nan": "2.8.0"
      }
    }
  }
}
